
Microsoft Visual Studio Solution File, Format Version 12.00
# Visual Studio Version 17
VisualStudioVersion = 17.12.35527.113 d17.12
MinimumVisualStudioVersion = 10.0.40219.1
Project("{FAE04EC0-301F-11D3-BF4B-00C04F79EFBC}") = "Domain", "src\Domain\Domain.csproj", "{C4324F24-E192-4F9D-B871-104ADB87F31F}"
EndProject
Project("{2150E333-8FDC-42A3-9474-1A3956D46DE8}") = "src", "src", "{FD697276-16CE-4799-A7A8-AEC31CCE6579}"
EndProject
Project("{FAE04EC0-301F-11D3-BF4B-00C04F79EFBC}") = "ApplicationService", "src\ApplicationService\ApplicationService.csproj", "{1DDA8284-92C5-4448-8CF6-BB378D2E94B2}"
EndProject
Project("{FAE04EC0-301F-11D3-BF4B-00C04F79EFBC}") = "Infrastructure", "src\Infrastructure\Infrastructure.csproj", "{56AB631B-450C-4E66-8F7E-6628BD6B2FE9}"
EndProject
Project("{FAE04EC0-301F-11D3-BF4B-00C04F79EFBC}") = "WebApi", "src\WebApi\WebApi.csproj", "{C434EFFF-3EC1-438E-8F4D-6B49C71D2000}"
EndProject
Project("{2150E333-8FDC-42A3-9474-1A3956D46DE8}") = "tests", "tests", "{1D8EB112-30FF-4BC3-BC33-010D28FCCF51}"
EndProject
Project("{FAE04EC0-301F-11D3-BF4B-00C04F79EFBC}") = "Catalog.UnitTests", "tests\Catalog.UnitTests\Catalog.UnitTests.csproj", "{1617CF92-9F80-4DC3-BEAB-E449F2033DB3}"
EndProject
Global
	GlobalSection(SolutionConfigurationPlatforms) = preSolution
		Debug|Any CPU = Debug|Any CPU
		Release|Any CPU = Release|Any CPU
	EndGlobalSection
	GlobalSection(ProjectConfigurationPlatforms) = postSolution
		{C4324F24-E192-4F9D-B871-104ADB87F31F}.Debug|Any CPU.ActiveCfg = Debug|Any CPU
		{C4324F24-E192-4F9D-B871-104ADB87F31F}.Debug|Any CPU.Build.0 = Debug|Any CPU
		{C4324F24-E192-4F9D-B871-104ADB87F31F}.Release|Any CPU.ActiveCfg = Release|Any CPU
		{C4324F24-E192-4F9D-B871-104ADB87F31F}.Release|Any CPU.Build.0 = Release|Any CPU
		{1DDA8284-92C5-4448-8CF6-BB378D2E94B2}.Debug|Any CPU.ActiveCfg = Debug|Any CPU
		{1DDA8284-92C5-4448-8CF6-BB378D2E94B2}.Debug|Any CPU.Build.0 = Debug|Any CPU
		{1DDA8284-92C5-4448-8CF6-BB378D2E94B2}.Release|Any CPU.ActiveCfg = Release|Any CPU
		{1DDA8284-92C5-4448-8CF6-BB378D2E94B2}.Release|Any CPU.Build.0 = Release|Any CPU
		{56AB631B-450C-4E66-8F7E-6628BD6B2FE9}.Debug|Any CPU.ActiveCfg = Debug|Any CPU
		{56AB631B-450C-4E66-8F7E-6628BD6B2FE9}.Debug|Any CPU.Build.0 = Debug|Any CPU
		{56AB631B-450C-4E66-8F7E-6628BD6B2FE9}.Release|Any CPU.ActiveCfg = Release|Any CPU
		{56AB631B-450C-4E66-8F7E-6628BD6B2FE9}.Release|Any CPU.Build.0 = Release|Any CPU
		{C434EFFF-3EC1-438E-8F4D-6B49C71D2000}.Debug|Any CPU.ActiveCfg = Debug|Any CPU
		{C434EFFF-3EC1-438E-8F4D-6B49C71D2000}.Debug|Any CPU.Build.0 = Debug|Any CPU
		{C434EFFF-3EC1-438E-8F4D-6B49C71D2000}.Release|Any CPU.ActiveCfg = Release|Any CPU
		{C434EFFF-3EC1-438E-8F4D-6B49C71D2000}.Release|Any CPU.Build.0 = Release|Any CPU
		{1617CF92-9F80-4DC3-BEAB-E449F2033DB3}.Debug|Any CPU.ActiveCfg = Debug|Any CPU
		{1617CF92-9F80-4DC3-BEAB-E449F2033DB3}.Debug|Any CPU.Build.0 = Debug|Any CPU
		{1617CF92-9F80-4DC3-BEAB-E449F2033DB3}.Release|Any CPU.ActiveCfg = Release|Any CPU
		{1617CF92-9F80-4DC3-BEAB-E449F2033DB3}.Release|Any CPU.Build.0 = Release|Any CPU
	EndGlobalSection
	GlobalSection(SolutionProperties) = preSolution
		HideSolutionNode = FALSE
	EndGlobalSection
	GlobalSection(NestedProjects) = preSolution
		{C4324F24-E192-4F9D-B871-104ADB87F31F} = {FD697276-16CE-4799-A7A8-AEC31CCE6579}
		{1DDA8284-92C5-4448-8CF6-BB378D2E94B2} = {FD697276-16CE-4799-A7A8-AEC31CCE6579}
		{56AB631B-450C-4E66-8F7E-6628BD6B2FE9} = {FD697276-16CE-4799-A7A8-AEC31CCE6579}
		{C434EFFF-3EC1-438E-8F4D-6B49C71D2000} = {FD697276-16CE-4799-A7A8-AEC31CCE6579}
		{1617CF92-9F80-4DC3-BEAB-E449F2033DB3} = {1D8EB112-30FF-4BC3-BC33-010D28FCCF51}
	EndGlobalSection
EndGlobal
